
Microsoft Visual Studio Solution File, Format Version 12.00
# Visual Studio 14
VisualStudioVersion = 14.0.23107.0
MinimumVisualStudioVersion = 10.0.40219.1
Project("{FAE04EC0-301F-11D3-BF4B-00C04F79EFBC}") = "SistemaHospitalar2", "SistemaHospitalar2\SistemaHospitalar2.csproj", "{048EE46B-0A55-45CF-856F-DF22173A4252}"
EndProject
Global
	GlobalSection(SolutionConfigurationPlatforms) = preSolution
		Debug|Any CPU = Debug|Any CPU
		Release|Any CPU = Release|Any CPU
	EndGlobalSection
	GlobalSection(ProjectConfigurationPlatforms) = postSolution
		{048EE46B-0A55-45CF-856F-DF22173A4252}.Debug|Any CPU.ActiveCfg = Debug|Any CPU
		{048EE46B-0A55-45CF-856F-DF22173A4252}.Debug|Any CPU.Build.0 = Debug|Any CPU
		{048EE46B-0A55-45CF-856F-DF22173A4252}.Release|Any CPU.ActiveCfg = Release|Any CPU
		{048EE46B-0A55-45CF-856F-DF22173A4252}.Release|Any CPU.Build.0 = Release|Any CPU
	EndGlobalSection
	GlobalSection(SolutionProperties) = preSolution
		HideSolutionNode = FALSE
	EndGlobalSection
EndGlobal
